
Microsoft Visual Studio Solution File, Format Version 12.00
# Visual Studio 15
VisualStudioVersion = 15.0.28307.329
MinimumVisualStudioVersion = 10.0.40219.1
Project("{9A19103F-16F7-4668-BE54-9A1E7A4F7556}") = "WebApplication1", "WebApplication1\WebApplication1.csproj", "{ABD5E90B-91E2-4BCB-B707-C0C30323049E}"
EndProject
Project("{00D1A9C2-B5F0-4AF3-8072-F6C62B433612}") = "Context", "Context\Context.sqlproj", "{B58234D1-5327-40C0-8636-296014A6E365}"
EndProject
Global
	GlobalSection(SolutionConfigurationPlatforms) = preSolution
		Debug|Any CPU = Debug|Any CPU
		Release|Any CPU = Release|Any CPU
	EndGlobalSection
	GlobalSection(ProjectConfigurationPlatforms) = postSolution
		{ABD5E90B-91E2-4BCB-B707-C0C30323049E}.Debug|Any CPU.ActiveCfg = Debug|Any CPU
		{ABD5E90B-91E2-4BCB-B707-C0C30323049E}.Debug|Any CPU.Build.0 = Debug|Any CPU
		{ABD5E90B-91E2-4BCB-B707-C0C30323049E}.Release|Any CPU.ActiveCfg = Release|Any CPU
		{ABD5E90B-91E2-4BCB-B707-C0C30323049E}.Release|Any CPU.Build.0 = Release|Any CPU
		{B58234D1-5327-40C0-8636-296014A6E365}.Debug|Any CPU.ActiveCfg = Debug|Any CPU
		{B58234D1-5327-40C0-8636-296014A6E365}.Debug|Any CPU.Build.0 = Debug|Any CPU
		{B58234D1-5327-40C0-8636-296014A6E365}.Debug|Any CPU.Deploy.0 = Debug|Any CPU
		{B58234D1-5327-40C0-8636-296014A6E365}.Release|Any CPU.ActiveCfg = Release|Any CPU
		{B58234D1-5327-40C0-8636-296014A6E365}.Release|Any CPU.Build.0 = Release|Any CPU
		{B58234D1-5327-40C0-8636-296014A6E365}.Release|Any CPU.Deploy.0 = Release|Any CPU
	EndGlobalSection
	GlobalSection(SolutionProperties) = preSolution
		HideSolutionNode = FALSE
	EndGlobalSection
	GlobalSection(ExtensibilityGlobals) = postSolution
		SolutionGuid = {FB7FE992-ADF1-44DB-A56F-ED20250CC6B0}
	EndGlobalSection
EndGlobal
